
Microsoft Visual Studio Solution File, Format Version 12.00
# Visual Studio 15
VisualStudioVersion = 15.0.28307.271
MinimumVisualStudioVersion = 10.0.40219.1
Project("{E24C65DC-7377-472B-9ABA-BC803B73C61A}") = "JMU-CIS484-C-Project", "JMU-CIS484-C-Project\", "{EAD8A307-245F-43B0-81FF-AFC141C58EF3}"
	ProjectSection(WebsiteProperties) = preProject
		TargetFrameworkMoniker = ".NETFramework,Version%3Dv4.5"
		Debug.AspNetCompiler.VirtualPath = "/localhost_55913"
		Debug.AspNetCompiler.PhysicalPath = "JMU-CIS484-C-Project\"
		Debug.AspNetCompiler.TargetPath = "PrecompiledWeb\localhost_55913\"
		Debug.AspNetCompiler.Updateable = "true"
		Debug.AspNetCompiler.ForceOverwrite = "true"
		Debug.AspNetCompiler.FixedNames = "false"
		Debug.AspNetCompiler.Debug = "True"
		Release.AspNetCompiler.VirtualPath = "/localhost_55913"
		Release.AspNetCompiler.PhysicalPath = "JMU-CIS484-C-Project\"
		Release.AspNetCompiler.TargetPath = "PrecompiledWeb\localhost_55913\"
		Release.AspNetCompiler.Updateable = "true"
		Release.AspNetCompiler.ForceOverwrite = "true"
		Release.AspNetCompiler.FixedNames = "false"
		Release.AspNetCompiler.Debug = "False"
		VWDPort = "55913"
		SlnRelativePath = "JMU-CIS484-C-Project\"
	EndProjectSection
EndProject
Global
	GlobalSection(SolutionConfigurationPlatforms) = preSolution
		Debug|Any CPU = Debug|Any CPU
	EndGlobalSection
	GlobalSection(ProjectConfigurationPlatforms) = postSolution
		{EAD8A307-245F-43B0-81FF-AFC141C58EF3}.Debug|Any CPU.ActiveCfg = Debug|Any CPU
		{EAD8A307-245F-43B0-81FF-AFC141C58EF3}.Debug|Any CPU.Build.0 = Debug|Any CPU
	EndGlobalSection
	GlobalSection(SolutionProperties) = preSolution
		HideSolutionNode = FALSE
	EndGlobalSection
	GlobalSection(ExtensibilityGlobals) = postSolution
		SolutionGuid = {75D448F9-578A-4C08-BA94-C7D3A0BBB323}
	EndGlobalSection
EndGlobal
